
Microsoft Visual Studio Solution File, Format Version 12.00
# Visual Studio Version 16
VisualStudioVersion = 16.0.28803.202
MinimumVisualStudioVersion = 10.0.40219.1
Project("{FAE04EC0-301F-11D3-BF4B-00C04F79EFBC}") = "Murt_Bank", "Murt_Bank\Murt_Bank.csproj", "{C43F5247-008B-43B5-804E-0964AD16054F}"
EndProject
Global
	GlobalSection(SolutionConfigurationPlatforms) = preSolution
		Debug|Any CPU = Debug|Any CPU
		Release|Any CPU = Release|Any CPU
	EndGlobalSection
	GlobalSection(ProjectConfigurationPlatforms) = postSolution
		{C43F5247-008B-43B5-804E-0964AD16054F}.Debug|Any CPU.ActiveCfg = Debug|Any CPU
		{C43F5247-008B-43B5-804E-0964AD16054F}.Debug|Any CPU.Build.0 = Debug|Any CPU
		{C43F5247-008B-43B5-804E-0964AD16054F}.Release|Any CPU.ActiveCfg = Release|Any CPU
		{C43F5247-008B-43B5-804E-0964AD16054F}.Release|Any CPU.Build.0 = Release|Any CPU
	EndGlobalSection
	GlobalSection(SolutionProperties) = preSolution
		HideSolutionNode = FALSE
	EndGlobalSection
	GlobalSection(ExtensibilityGlobals) = postSolution
		SolutionGuid = {A75B89C8-E6C9-4811-9D30-1C189F5B8A19}
	EndGlobalSection
EndGlobal
